<?xml version="1.0" encoding="utf-8"?>
<Project ToolsVersion="4.0" xmlns="http://schemas.microsoft.com/developer/msbuild/2003">
  <ItemGroup>
    <Filter Include="Source Files">
      <UniqueIdentifier>{4FC737F1-C7A5-4376-A066-2A32D752A2FF}</UniqueIdentifier>
      <Extensions>cpp;c;cc;cxx;def;odl;idl;hpj;bat;asm;asmx</Extensions>
    </Filter>
    <Filter Include="Header Files">
      <UniqueIdentifier>{93995380-89BD-4b04-88EB-625FBE52EBFB}</UniqueIdentifier>
      <Extensions>h;hh;hpp;hxx;hm;inl;inc;xsd</Extensions>
    </Filter>
    <Filter Include="Resource Files">
      <UniqueIdentifier>{67DA6AB6-F800-4c08-8B7A-83BB121AAD01}</UniqueIdentifier>
      <Extensions>rc;ico;cur;bmp;dlg;rc2;rct;bin;rgs;gif;jpg;jpeg;jpe;resx;tiff;tif;png;wav;mfcribbon-ms</Extensions>
    </Filter>
    <Filter Include="Scenes / prefabs">
      <UniqueIdentifier>{ec03a7b9-b3f6-4f98-8688-981fc0db8b55}</UniqueIdentifier>
    </Filter>
    <Filter Include="Singleton">
      <UniqueIdentifier>{822ce725-778e-4111-b473-71f5cfb2bdda}</UniqueIdentifier>
    </Filter>
    <Filter Include="Components">
      <UniqueIdentifier>{d6e2481e-1da4-477b-bcc9-44d48d45eb5b}</UniqueIdentifier>
    </Filter>
    <Filter Include="Managers">
      <UniqueIdentifier>{d3a7fb6b-6cff-468e-a8f7-865c11ca1993}</UniqueIdentifier>
    </Filter>
    <Filter Include="sceneGraph">
      <UniqueIdentifier>{531e703e-acdd-4fc9-a9fe-49b7d271e84f}</UniqueIdentifier>
    </Filter>
    <Filter Include="ultility">
      <UniqueIdentifier>{27e57807-1bb1-4907-8eee-ad152e2495a6}</UniqueIdentifier>
    </Filter>
    <Filter Include="Core">
      <UniqueIdentifier>{02a3ef22-bee1-41f8-97f7-aa3cffe07909}</UniqueIdentifier>
    </Filter>
    <Filter Include="Pixel">
      <UniqueIdentifier>{53775189-3b38-430c-a6b9-315284f65fab}</UniqueIdentifier>
    </Filter>
    <Filter Include="RenderCore">
      <UniqueIdentifier>{8a4e5a4d-c71b-46e0-9527-d4ec9e0cc8e3}</UniqueIdentifier>
    </Filter>
  </ItemGroup>
  <ItemGroup>
    <ClInclude Include="targetver.h">
      <Filter>Header Files</Filter>
    </ClInclude>
    <ClInclude Include="AnimatorComponent.h">
      <Filter>Components</Filter>
    </ClInclude>
    <ClInclude Include="TransformComponent.h">
      <Filter>Components</Filter>
    </ClInclude>
    <ClInclude Include="stateMachineComponent.h">
      <Filter>Components</Filter>
    </ClInclude>
    <ClInclude Include="RenderComponent.h">
      <Filter>Components</Filter>
    </ClInclude>
    <ClInclude Include="InputComponent.h">
      <Filter>Components</Filter>
    </ClInclude>
    <ClInclude Include="BaseComponent.h">
      <Filter>Components</Filter>
    </ClInclude>
    <ClInclude Include="ResourceManager.h">
      <Filter>Managers</Filter>
    </ClInclude>
    <ClInclude Include="InputManager.h">
      <Filter>Managers</Filter>
    </ClInclude>
    <ClInclude Include="Time.h">
      <Filter>Singleton</Filter>
    </ClInclude>
    <ClInclude Include="Logger.h">
      <Filter>Singleton</Filter>
    </ClInclude>
    <ClInclude Include="Singleton.h">
      <Filter>Singleton</Filter>
    </ClInclude>
    <ClInclude Include="Font.h">
      <Filter>ultility</Filter>
    </ClInclude>
    <ClInclude Include="Texture2D.h">
      <Filter>ultility</Filter>
    </ClInclude>
    <ClInclude Include="Scene.h">
      <Filter>sceneGraph</Filter>
    </ClInclude>
    <ClInclude Include="SceneManager.h">
      <Filter>sceneGraph</Filter>
    </ClInclude>
    <ClInclude Include="SceneObject.h">
      <Filter>sceneGraph</Filter>
    </ClInclude>
    <ClInclude Include="Renderer.h">
      <Filter>sceneGraph</Filter>
    </ClInclude>
    <ClInclude Include="GameObject.h">
      <Filter>sceneGraph</Filter>
    </ClInclude>
    <ClInclude Include="Command.h">
      <Filter>ultility</Filter>
    </ClInclude>
    <ClInclude Include="Components.h">
      <Filter>ultility</Filter>
    </ClInclude>
    <ClInclude Include="Minigin.h">
      <Filter>Core</Filter>
    </ClInclude>
    <ClInclude Include="MiniginPCH.h">
      <Filter>Core</Filter>
    </ClInclude>
    <ClInclude Include="GridComponent.h">
      <Filter>Components</Filter>
    </ClInclude>
    <ClInclude Include="SceneRenderer.h">
      <Filter>Header Files</Filter>
    </ClInclude>
    <ClInclude Include="Log.h">
      <Filter>Header Files</Filter>
    </ClInclude>
    <ClInclude Include="MoveGridManager.h">
      <Filter>Managers</Filter>
    </ClInclude>
    <ClInclude Include="PixelSimulation.h">
      <Filter>Pixel</Filter>
    </ClInclude>
    <ClInclude Include="PixelGrid.h">
      <Filter>Pixel</Filter>
    </ClInclude>
    <ClInclude Include="Material.h">
      <Filter>RenderCore</Filter>
    </ClInclude>
    <ClInclude Include="RenderingStack.h">
      <Filter>sceneGraph</Filter>
    </ClInclude>
    <ClInclude Include="Camera.h">
      <Filter>sceneGraph</Filter>
    </ClInclude>
  </ItemGroup>
  <ItemGroup>
    <ClCompile Include="AnimatorComponent.cpp">
      <Filter>Components</Filter>
    </ClCompile>
    <ClCompile Include="InputComponent.cpp">
      <Filter>Components</Filter>
    </ClCompile>
    <ClCompile Include="RenderComponent.cpp">
      <Filter>Components</Filter>
    </ClCompile>
    <ClCompile Include="BaseComponent.cpp">
      <Filter>Components</Filter>
    </ClCompile>
    <ClCompile Include="stateMachineComponent.cpp">
      <Filter>Components</Filter>
    </ClCompile>
    <ClCompile Include="ResourceManager.cpp">
      <Filter>Managers</Filter>
    </ClCompile>
    <ClCompile Include="InputManager.cpp">
      <Filter>Managers</Filter>
    </ClCompile>
    <ClCompile Include="Texture2D.cpp">
      <Filter>ultility</Filter>
    </ClCompile>
    <ClCompile Include="Font.cpp">
      <Filter>ultility</Filter>
    </ClCompile>
    <ClCompile Include="Scene.cpp">
      <Filter>sceneGraph</Filter>
    </ClCompile>
    <ClCompile Include="SceneManager.cpp">
      <Filter>sceneGraph</Filter>
    </ClCompile>
    <ClCompile Include="GameObject.cpp">
      <Filter>sceneGraph</Filter>
    </ClCompile>
    <ClCompile Include="Renderer.cpp">
      <Filter>sceneGraph</Filter>
    </ClCompile>
    <ClCompile Include="MiniginPCH.cpp">
      <Filter>Core</Filter>
    </ClCompile>
    <ClCompile Include="Minigin.cpp">
      <Filter>Core</Filter>
    </ClCompile>
    <ClCompile Include="Main.cpp">
      <Filter>Core</Filter>
    </ClCompile>
    <ClCompile Include="GridComponent.cpp">
      <Filter>Components</Filter>
    </ClCompile>
    <ClCompile Include="SceneRenderer.cpp">
      <Filter>Source Files</Filter>
    </ClCompile>
    <ClCompile Include="Log.cpp">
      <Filter>Source Files</Filter>
    </ClCompile>
    <ClCompile Include="MoveGridManager.cpp">
      <Filter>Managers</Filter>
    </ClCompile>
    <ClCompile Include="PixelSimulation.cpp">
      <Filter>Pixel</Filter>
    </ClCompile>
    <ClCompile Include="PixelGrid.cpp">
      <Filter>Pixel</Filter>
    </ClCompile>
    <ClCompile Include="Material.cpp">
      <Filter>RenderCore</Filter>
    </ClCompile>
    <ClCompile Include="RenderingStack.cpp">
      <Filter>sceneGraph</Filter>
    </ClCompile>
    <ClCompile Include="Camera.cpp">
      <Filter>sceneGraph</Filter>
    </ClCompile>
  </ItemGroup>
  <ItemGroup>
    <None Include="ClassDiagram.cd" />
  </ItemGroup>
</Project>